
Microsoft Visual Studio Solution File, Format Version 12.00
# Visual Studio Version 16
VisualStudioVersion = 25.0.1706.0
MinimumVisualStudioVersion = 10.0.40219.1
Project("{FAE04EC0-301F-11D3-BF4B-00C04F79EFBC}") = "api_front", "api_front\api_front.csproj", "{B0882665-05EA-40CC-9CF6-C875DA41B721}"
EndProject
Global
	GlobalSection(SolutionConfigurationPlatforms) = preSolution
		Debug|Any CPU = Debug|Any CPU
		Release|Any CPU = Release|Any CPU
	EndGlobalSection
	GlobalSection(ProjectConfigurationPlatforms) = postSolution
		{B0882665-05EA-40CC-9CF6-C875DA41B721}.Debug|Any CPU.ActiveCfg = Debug|Any CPU
		{B0882665-05EA-40CC-9CF6-C875DA41B721}.Debug|Any CPU.Build.0 = Debug|Any CPU
		{B0882665-05EA-40CC-9CF6-C875DA41B721}.Release|Any CPU.ActiveCfg = Release|Any CPU
		{B0882665-05EA-40CC-9CF6-C875DA41B721}.Release|Any CPU.Build.0 = Release|Any CPU
	EndGlobalSection
	GlobalSection(SolutionProperties) = preSolution
		HideSolutionNode = FALSE
	EndGlobalSection
	GlobalSection(ExtensibilityGlobals) = postSolution
		SolutionGuid = {66FC2E51-08F1-489E-82F3-3CE9A79BBCF7}
	EndGlobalSection
EndGlobal
