
Microsoft Visual Studio Solution File, Format Version 12.00
# Visual Studio Version 17
VisualStudioVersion = 17.0.32126.317
MinimumVisualStudioVersion = 10.0.40219.1
Project("{FAE04EC0-301F-11D3-BF4B-00C04F79EFBC}") = "JsonCRUD", "JsonCRUD\JsonCRUD.csproj", "{9AD4D455-0B8A-480D-B2DE-163F42618F32}"
EndProject
Global
	GlobalSection(SolutionConfigurationPlatforms) = preSolution
		Debug|Any CPU = Debug|Any CPU
		Release|Any CPU = Release|Any CPU
	EndGlobalSection
	GlobalSection(ProjectConfigurationPlatforms) = postSolution
		{9AD4D455-0B8A-480D-B2DE-163F42618F32}.Debug|Any CPU.ActiveCfg = Debug|Any CPU
		{9AD4D455-0B8A-480D-B2DE-163F42618F32}.Debug|Any CPU.Build.0 = Debug|Any CPU
		{9AD4D455-0B8A-480D-B2DE-163F42618F32}.Release|Any CPU.ActiveCfg = Release|Any CPU
		{9AD4D455-0B8A-480D-B2DE-163F42618F32}.Release|Any CPU.Build.0 = Release|Any CPU
	EndGlobalSection
	GlobalSection(SolutionProperties) = preSolution
		HideSolutionNode = FALSE
	EndGlobalSection
	GlobalSection(ExtensibilityGlobals) = postSolution
		SolutionGuid = {D829FD6B-EAE3-460D-87C5-AAB500E3D8EA}
	EndGlobalSection
EndGlobal
